<?xml version="1.0" encoding="utf-8"?>
<Project ToolsVersion="4.0" xmlns="http://schemas.microsoft.com/developer/msbuild/2003">
  <ItemGroup>
    <Filter Include="Файлы исходного кода">
      <UniqueIdentifier>{4FC737F1-C7A5-4376-A066-2A32D752A2FF}</UniqueIdentifier>
      <Extensions>cpp;c;cc;cxx;def;odl;idl;hpj;bat;asm;asmx</Extensions>
    </Filter>
    <Filter Include="Заголовочные файлы">
      <UniqueIdentifier>{93995380-89BD-4b04-88EB-625FBE52EBFB}</UniqueIdentifier>
      <Extensions>h;hpp;hxx;hm;inl;inc;xsd</Extensions>
    </Filter>
    <Filter Include="Файлы ресурсов">
      <UniqueIdentifier>{67DA6AB6-F800-4c08-8B7A-83BB121AAD01}</UniqueIdentifier>
      <Extensions>rc;ico;cur;bmp;dlg;rc2;rct;bin;rgs;gif;jpg;jpeg;jpe;resx;tiff;tif;png;wav;mfcribbon-ms</Extensions>
    </Filter>
    <Filter Include="Графический интерфейс">
      <UniqueIdentifier>{652468e9-e357-4708-8737-823a6d12cc32}</UniqueIdentifier>
    </Filter>
    <Filter Include="События">
      <UniqueIdentifier>{d7996c9e-8977-445e-97a4-63fc6830d2d3}</UniqueIdentifier>
    </Filter>
    <Filter Include="Рендер">
      <UniqueIdentifier>{a9afac48-ca08-4837-933b-2b246fde7d0a}</UniqueIdentifier>
    </Filter>
    <Filter Include="Шрифты">
      <UniqueIdentifier>{00b07c3b-6cd0-4d5e-9b7b-2063dfc9e2f0}</UniqueIdentifier>
    </Filter>
    <Filter Include="Графический интерфейс\ГУИ элементы">
      <UniqueIdentifier>{c7e3ca51-a4bb-47b0-8bd2-f48c84b95a13}</UniqueIdentifier>
    </Filter>
  </ItemGroup>
  <ItemGroup>
    <ClInclude Include="Game.h">
      <Filter>Заголовочные файлы</Filter>
    </ClInclude>
    <ClInclude Include="GameComponent.h">
      <Filter>Заголовочные файлы</Filter>
    </ClInclude>
    <ClInclude Include="MyGame.h">
      <Filter>Заголовочные файлы</Filter>
    </ClInclude>
    <ClInclude Include="EventHandler.h">
      <Filter>События</Filter>
    </ClInclude>
    <ClInclude Include="GameMath.h">
      <Filter>Заголовочные файлы</Filter>
    </ClInclude>
    <ClInclude Include="Render.h">
      <Filter>Рендер</Filter>
    </ClInclude>
    <ClInclude Include="Font.h">
      <Filter>Шрифты</Filter>
    </ClInclude>
    <ClInclude Include="GameComponentManager.h">
      <Filter>Заголовочные файлы</Filter>
    </ClInclude>
    <ClInclude Include="TextureManager.h">
      <Filter>Рендер</Filter>
    </ClInclude>
    <ClInclude Include="TextureAtlas.h">
      <Filter>Рендер</Filter>
    </ClInclude>
    <ClInclude Include="Logger.h">
      <Filter>Заголовочные файлы</Filter>
    </ClInclude>
    <ClInclude Include="GUIButton.h">
      <Filter>Графический интерфейс\ГУИ элементы</Filter>
    </ClInclude>
    <ClInclude Include="GUIObject.h">
      <Filter>Графический интерфейс\ГУИ элементы</Filter>
    </ClInclude>
    <ClInclude Include="GUILabel.h">
      <Filter>Графический интерфейс\ГУИ элементы</Filter>
    </ClInclude>
    <ClInclude Include="GUIFPS.h">
      <Filter>Графический интерфейс\ГУИ элементы</Filter>
    </ClInclude>
    <ClInclude Include="FontFactory.h">
      <Filter>Шрифты</Filter>
    </ClInclude>
    <ClInclude Include="GUIContainer.h">
      <Filter>Графический интерфейс</Filter>
    </ClInclude>
    <ClInclude Include="GUIComponent.h">
      <Filter>Заголовочные файлы</Filter>
    </ClInclude>
  </ItemGroup>
  <ItemGroup>
    <ClCompile Include="main.cpp">
      <Filter>Файлы исходного кода</Filter>
    </ClCompile>
    <ClCompile Include="MyGame.cpp">
      <Filter>Файлы исходного кода</Filter>
    </ClCompile>
    <ClCompile Include="Game.cpp">
      <Filter>Файлы исходного кода</Filter>
    </ClCompile>
    <ClCompile Include="GameComponent.cpp">
      <Filter>Файлы исходного кода</Filter>
    </ClCompile>
    <ClCompile Include="EventHandler.cpp">
      <Filter>События</Filter>
    </ClCompile>
    <ClCompile Include="GameMath.cpp">
      <Filter>Файлы исходного кода</Filter>
    </ClCompile>
    <ClCompile Include="Render.cpp">
      <Filter>Рендер</Filter>
    </ClCompile>
    <ClCompile Include="Font.cpp">
      <Filter>Шрифты</Filter>
    </ClCompile>
    <ClCompile Include="GameComponentManager.cpp">
      <Filter>Файлы исходного кода</Filter>
    </ClCompile>
    <ClCompile Include="TextureManager.cpp">
      <Filter>Рендер</Filter>
    </ClCompile>
    <ClCompile Include="TextureAtlas.cpp">
      <Filter>Рендер</Filter>
    </ClCompile>
    <ClCompile Include="Logger.cpp">
      <Filter>Файлы исходного кода</Filter>
    </ClCompile>
    <ClCompile Include="GUIButton.cpp">
      <Filter>Графический интерфейс\ГУИ элементы</Filter>
    </ClCompile>
    <ClCompile Include="GUIObject.cpp">
      <Filter>Графический интерфейс\ГУИ элементы</Filter>
    </ClCompile>
    <ClCompile Include="GUILabel.cpp">
      <Filter>Графический интерфейс\ГУИ элементы</Filter>
    </ClCompile>
    <ClCompile Include="GUIFPS.cpp">
      <Filter>Графический интерфейс\ГУИ элементы</Filter>
    </ClCompile>
    <ClCompile Include="FontFactory.cpp">
      <Filter>Шрифты</Filter>
    </ClCompile>
    <ClCompile Include="GUIContainer.cpp">
      <Filter>Графический интерфейс</Filter>
    </ClCompile>
    <ClCompile Include="GUIComponent.cpp">
      <Filter>Файлы исходного кода</Filter>
    </ClCompile>
  </ItemGroup>
  <ItemGroup>
    <None Include="ClassDiagram1.cd" />
    <None Include="ClassDiagram2.cd" />
    <None Include="ClassDiagram3.cd" />
  </ItemGroup>
</Project>